
Microsoft Visual Studio Solution File, Format Version 12.00
# Visual Studio Version 16
VisualStudioVersion = 16.0.31112.23
MinimumVisualStudioVersion = 10.0.40219.1
Project("{FAE04EC0-301F-11D3-BF4B-00C04F79EFBC}") = "DevOpsLearn", "DevOpsLearn\DevOpsLearn.csproj", "{9AECDFAD-7798-41B1-8F14-04241A96F00B}"
EndProject
Project("{FAE04EC0-301F-11D3-BF4B-00C04F79EFBC}") = "DevOpsLearn.Tests", "DevOpsLearn.Tests\DevOpsLearn.Tests.csproj", "{67A5E9F2-E040-444C-AD21-D6A8B764DB28}"
EndProject
Global
	GlobalSection(SolutionConfigurationPlatforms) = preSolution
		Debug|Any CPU = Debug|Any CPU
		Release|Any CPU = Release|Any CPU
	EndGlobalSection
	GlobalSection(ProjectConfigurationPlatforms) = postSolution
		{9AECDFAD-7798-41B1-8F14-04241A96F00B}.Debug|Any CPU.ActiveCfg = Debug|Any CPU
		{9AECDFAD-7798-41B1-8F14-04241A96F00B}.Debug|Any CPU.Build.0 = Debug|Any CPU
		{9AECDFAD-7798-41B1-8F14-04241A96F00B}.Release|Any CPU.ActiveCfg = Release|Any CPU
		{9AECDFAD-7798-41B1-8F14-04241A96F00B}.Release|Any CPU.Build.0 = Release|Any CPU
		{67A5E9F2-E040-444C-AD21-D6A8B764DB28}.Debug|Any CPU.ActiveCfg = Debug|Any CPU
		{67A5E9F2-E040-444C-AD21-D6A8B764DB28}.Debug|Any CPU.Build.0 = Debug|Any CPU
		{67A5E9F2-E040-444C-AD21-D6A8B764DB28}.Release|Any CPU.ActiveCfg = Release|Any CPU
		{67A5E9F2-E040-444C-AD21-D6A8B764DB28}.Release|Any CPU.Build.0 = Release|Any CPU
	EndGlobalSection
	GlobalSection(SolutionProperties) = preSolution
		HideSolutionNode = FALSE
	EndGlobalSection
	GlobalSection(ExtensibilityGlobals) = postSolution
		SolutionGuid = {027CE424-DFD9-4A2C-BB22-864581269569}
	EndGlobalSection
EndGlobal
